
Microsoft Visual Studio Solution File, Format Version 12.00
# Visual Studio Version 16
VisualStudioVersion = 16.0.30804.86
MinimumVisualStudioVersion = 10.0.40219.1
Project("{FAE04EC0-301F-11D3-BF4B-00C04F79EFBC}") = "M17_Food4U", "M17_Food4U\M17_Food4U.csproj", "{045C5FAF-A49B-472D-9F6D-DFBD43BD043D}"
EndProject
Global
	GlobalSection(SolutionConfigurationPlatforms) = preSolution
		Debug|Any CPU = Debug|Any CPU
		Release|Any CPU = Release|Any CPU
	EndGlobalSection
	GlobalSection(ProjectConfigurationPlatforms) = postSolution
		{045C5FAF-A49B-472D-9F6D-DFBD43BD043D}.Debug|Any CPU.ActiveCfg = Debug|Any CPU
		{045C5FAF-A49B-472D-9F6D-DFBD43BD043D}.Debug|Any CPU.Build.0 = Debug|Any CPU
		{045C5FAF-A49B-472D-9F6D-DFBD43BD043D}.Release|Any CPU.ActiveCfg = Release|Any CPU
		{045C5FAF-A49B-472D-9F6D-DFBD43BD043D}.Release|Any CPU.Build.0 = Release|Any CPU
	EndGlobalSection
	GlobalSection(SolutionProperties) = preSolution
		HideSolutionNode = FALSE
	EndGlobalSection
	GlobalSection(ExtensibilityGlobals) = postSolution
		SolutionGuid = {BA52E3EF-0161-440E-A608-DD145FB97C4F}
	EndGlobalSection
EndGlobal
